
Microsoft Visual Studio Solution File, Format Version 12.00
# Visual Studio Version 17
VisualStudioVersion = 17.11.35431.28
MinimumVisualStudioVersion = 10.0.40219.1
Project("{888888A0-9F3D-457C-B088-3A5042F75D52}") = "Задание 1 Урок №5. Логические и условные операторы", "Задание 1 Урок №5. Логические и условные операторы.pyproj", "{69B73D60-7368-40C8-AE9E-61ADC980F9FF}"
EndProject
Global
	GlobalSection(SolutionConfigurationPlatforms) = preSolution
		Debug|Any CPU = Debug|Any CPU
		Release|Any CPU = Release|Any CPU
	EndGlobalSection
	GlobalSection(ProjectConfigurationPlatforms) = postSolution
		{69B73D60-7368-40C8-AE9E-61ADC980F9FF}.Debug|Any CPU.ActiveCfg = Debug|Any CPU
		{69B73D60-7368-40C8-AE9E-61ADC980F9FF}.Release|Any CPU.ActiveCfg = Release|Any CPU
	EndGlobalSection
	GlobalSection(SolutionProperties) = preSolution
		HideSolutionNode = FALSE
	EndGlobalSection
	GlobalSection(ExtensibilityGlobals) = postSolution
		SolutionGuid = {1B2B7436-FCE0-4FE0-9638-0DCD03565985}
	EndGlobalSection
EndGlobal
