
Microsoft Visual Studio Solution File, Format Version 12.00
# Visual Studio Version 17
VisualStudioVersion = 17.11.35431.28
MinimumVisualStudioVersion = 10.0.40219.1
Project("{888888A0-9F3D-457C-B088-3A5042F75D52}") = "Урок №5. Логические и условные операторы Задание 2", "Урок №5. Логические и условные операторы Задание 2.pyproj", "{46500F33-5E81-4167-877D-734F9C05519B}"
EndProject
Global
	GlobalSection(SolutionConfigurationPlatforms) = preSolution
		Debug|Any CPU = Debug|Any CPU
		Release|Any CPU = Release|Any CPU
	EndGlobalSection
	GlobalSection(ProjectConfigurationPlatforms) = postSolution
		{46500F33-5E81-4167-877D-734F9C05519B}.Debug|Any CPU.ActiveCfg = Debug|Any CPU
		{46500F33-5E81-4167-877D-734F9C05519B}.Release|Any CPU.ActiveCfg = Release|Any CPU
	EndGlobalSection
	GlobalSection(SolutionProperties) = preSolution
		HideSolutionNode = FALSE
	EndGlobalSection
	GlobalSection(ExtensibilityGlobals) = postSolution
		SolutionGuid = {5F4592DB-F2FA-411F-9541-813B71183156}
	EndGlobalSection
EndGlobal
